// !$*UTF8*$!
{
	archiveVersion = 1;
	classes = {
	};
	objectVersion = 55;
	objects = {

/* Begin PBXBuildFile section */
		33AE01CF274FA4EE00D668DA /* AppDelegate.swift in Sources */ = {isa = PBXBuildFile; fileRef = 33AE01CE274FA4EE00D668DA /* AppDelegate.swift */; };
		33AE01D1274FA4EE00D668DA /* SceneDelegate.swift in Sources */ = {isa = PBXBuildFile; fileRef = 33AE01D0274FA4EE00D668DA /* SceneDelegate.swift */; };
		33AE01D3274FA4EE00D668DA /* ViewController.swift in Sources */ = {isa = PBXBuildFile; fileRef = 33AE01D2274FA4EE00D668DA /* ViewController.swift */; };
		33AE01D6274FA4EE00D668DA /* Main.storyboard in Resources */ = {isa = PBXBuildFile; fileRef = 33AE01D4274FA4EE00D668DA /* Main.storyboard */; };
		33AE01D8274FA4F100D668DA /* Assets.xcassets in Resources */ = {isa = PBXBuildFile; fileRef = 33AE01D7274FA4F100D668DA /* Assets.xcassets */; };
		33AE01DB274FA4F200D668DA /* LaunchScreen.storyboard in Resources */ = {isa = PBXBuildFile; fileRef = 33AE01D9274FA4F200D668DA /* LaunchScreen.storyboard */; };
/* End PBXBuildFile section */

/* Begin PBXFileReference section */
		33AE01CB274FA4EE00D668DA /* YoutubeFeedChallenge.app */ = {isa = PBXFileReference; explicitFileType = wrapper.application; includeInIndex = 0; path = YoutubeFeedChallenge.app; sourceTree = BUILT_PRODUCTS_DIR; };
		33AE01CE274FA4EE00D668DA /* AppDelegate.swift */ = {isa = PBXFileReference; lastKnownFileType = sourcecode.swift; path = AppDelegate.swift; sourceTree = "<group>"; };
		33AE01D0274FA4EE00D668DA /* SceneDelegate.swift */ = {isa = PBXFileReference; lastKnownFileType = sourcecode.swift; path = SceneDelegate.swift; sourceTree = "<group>"; };
		33AE01D2274FA4EE00D668DA /* ViewController.swift */ = {isa = PBXFileReference; lastKnownFileType = sourcecode.swift; path = ViewController.swift; sourceTree = "<group>"; };
		33AE01D5274FA4EE00D668DA /* Base */ = {isa = PBXFileReference; lastKnownFileType = file.storyboard; name = Base; path = Base.lproj/Main.storyboard; sourceTree = "<group>"; };
		33AE01D7274FA4F100D668DA /* Assets.xcassets */ = {isa = PBXFileReference; lastKnownFileType = folder.assetcatalog; path = Assets.xcassets; sourceTree = "<group>"; };
		33AE01DA274FA4F200D668DA /* Base */ = {isa = PBXFileReference; lastKnownFileType = file.storyboard; name = Base; path = Base.lproj/LaunchScreen.storyboard; sourceTree = "<group>"; };
		33AE01DC274FA4F200D668DA /* Info.plist */ = {isa = PBXFileReference; lastKnownFileType = text.plist.xml; path = Info.plist; sourceTree = "<group>"; };
/* End PBXFileReference section */

/* Begin PBXFrameworksBuildPhase section */
		33AE01C8274FA4EE00D668DA /* Frameworks */ = {
			isa = PBXFrameworksBuildPhase;
			buildActionMask = 2147483647;
			files = (
			);
			runOnlyForDeploymentPostprocessing = 0;
		};
/* End PBXFrameworksBuildPhase section */

/* Begin PBXGroup section */
		33AE01C2274FA4EE00D668DA = {
			isa = PBXGroup;
			children = (
				33AE01CD274FA4EE00D668DA /* YoutubeFeedChallenge */,
				33AE01CC274FA4EE00D668DA /* Products */,
			);
			sourceTree = "<group>";
		};
		33AE01CC274FA4EE00D668DA /* Products */ = {
			isa = PBXGroup;
			children = (
				33AE01CB274FA4EE00D668DA /* YoutubeFeedChallenge.app */,
			);
			name = Products;
			sourceTree = "<group>";
		};
		33AE01CD274FA4EE00D668DA /* YoutubeFeedChallenge */ = {
			isa = PBXGroup;
			children = (
				33AE01CE274FA4EE00D668DA /* AppDelegate.swift */,
				33AE01D0274FA4EE00D668DA /* SceneDelegate.swift */,
				33AE01D2274FA4EE00D668DA /* ViewController.swift */,
				33AE01D4274FA4EE00D668DA /* Main.storyboard */,
				33AE01D7274FA4F100D668DA /* Assets.xcassets */,
				33AE01D9274FA4F200D668DA /* LaunchScreen.storyboard */,
				33AE01DC274FA4F200D668DA /* Info.plist */,
			);
			path = YoutubeFeedChallenge;
			sourceTree = "<group>";
		};
/* End PBXGroup section */

/* Begin PBXNativeTarget section */
		33AE01CA274FA4EE00D668DA /* YoutubeFeedChallenge */ = {
			isa = PBXNativeTarget;
			buildConfigurationList = 33AE01DF274FA4F200D668DA /* Build configuration list for PBXNativeTarget "YoutubeFeedChallenge" */;
			buildPhases = (
				33AE01C7274FA4EE00D668DA /* Sources */,
				33AE01C8274FA4EE00D668DA /* Frameworks */,
				33AE01C9274FA4EE00D668DA /* Resources */,
			);
			buildRules = (
			);
			dependencies = (
			);
			name = YoutubeFeedChallenge;
			productName = YoutubeFeedChallenge;
			productReference = 33AE01CB274FA4EE00D668DA /* YoutubeFeedChallenge.app */;
			productType = "com.apple.product-type.application";
		};
/* End PBXNativeTarget section */

/* Begin PBXProject section */
		33AE01C3274FA4EE00D668DA /* Project object */ = {
			isa = PBXProject;
			attributes = {
				BuildIndependentTargetsInParallel = 1;
				LastSwiftUpdateCheck = 1310;
				LastUpgradeCheck = 1310;
				TargetAttributes = {
					33AE01CA274FA4EE00D668DA = {
						CreatedOnToolsVersion = 13.1;
					};
				};
			};
			buildConfigurationList = 33AE01C6274FA4EE00D668DA /* Build configuration list for PBXProject "YoutubeFeedChallenge" */;
			compatibilityVersion = "Xcode 13.0";
			developmentRegion = en;
			hasScannedForEncodings = 0;
			knownRegions = (
				en,
				Base,
			);
			mainGroup = 33AE01C2274FA4EE00D668DA;
			productRefGroup = 33AE01CC274FA4EE00D668DA /* Products */;
			projectDirPath = "";
			projectRoot = "";
			targets = (
				33AE01CA274FA4EE00D668DA /* YoutubeFeedChallenge */,
			);
		};
/* End PBXProject section */

/* Begin PBXResourcesBuildPhase section */
		33AE01C9274FA4EE00D668DA /* Resources */ = {
			isa = PBXResourcesBuildPhase;
			buildActionMask = 2147483647;
			files = (
				33AE01DB274FA4F200D668DA /* LaunchScreen.storyboard in Resources */,
				33AE01D8274FA4F100D668DA /* Assets.xcassets in Resources */,
				33AE01D6274FA4EE00D668DA /* Main.storyboard in Resources */,
			);
			runOnlyForDeploymentPostprocessing = 0;
		};
/* End PBXResourcesBuildPhase section */

/* Begin PBXSourcesBuildPhase section */
		33AE01C7274FA4EE00D668DA /* Sources */ = {
			isa = PBXSourcesBuildPhase;
			buildActionMask = 2147483647;
			files = (
				33AE01D3274FA4EE00D668DA /* ViewController.swift in Sources */,
				33AE01CF274FA4EE00D668DA /* AppDelegate.swift in Sources */,
				33AE01D1274FA4EE00D668DA /* SceneDelegate.swift in Sources */,
			);
			runOnlyForDeploymentPostprocessing = 0;
		};
/* End PBXSourcesBuildPhase section */

/* Begin PBXVariantGroup section */
		33AE01D4274FA4EE00D668DA /* Main.storyboard */ = {
			isa = PBXVariantGroup;
			children = (
				33AE01D5274FA4EE00D668DA /* Base */,
			);
			name = Main.storyboard;
			sourceTree = "<group>";
		};
		33AE01D9274FA4F200D668DA /* LaunchScreen.storyboard */ = {
			isa = PBXVariantGroup;
			children = (
				33AE01DA274FA4F200D668DA /* Base */,
			);
			name = LaunchScreen.storyboard;
			sourceTree = "<group>";
		};
/* End PBXVariantGroup section */

/* Begin XCBuildConfiguration section */
		33AE01DD274FA4F200D668DA /* Debug */ = {
			isa = XCBuildConfiguration;
			buildSettings = {
				ALWAYS_SEARCH_USER_PATHS = NO;
				CLANG_ANALYZER_NONNULL = YES;
				CLANG_ANALYZER_NUMBER_OBJECT_CONVERSION = YES_AGGRESSIVE;
				CLANG_CXX_LANGUAGE_STANDARD = "gnu++17";
				CLANG_CXX_LIBRARY = "libc++";
				CLANG_ENABLE_MODULES = YES;
				CLANG_ENABLE_OBJC_ARC = YES;
				CLANG_ENABLE_OBJC_WEAK = YES;
				CLANG_WARN_BLOCK_CAPTURE_AUTORELEASING = YES;
				CLANG_WARN_BOOL_CONVERSION = YES;
				CLANG_WARN_COMMA = YES;
				CLANG_WARN_CONSTANT_CONVERSION = YES;
				CLANG_WARN_DEPRECATED_OBJC_IMPLEMENTATIONS = YES;
				CLANG_WARN_DIRECT_OBJC_ISA_USAGE = YES_ERROR;
				CLANG_WARN_DOCUMENTATION_COMMENTS = YES;
				CLANG_WARN_EMPTY_BODY = YES;
				CLANG_WARN_ENUM_CONVERSION = YES;
				CLANG_WARN_INFINITE_RECURSION = YES;
				CLANG_WARN_INT_CONVERSION = YES;
				CLANG_WARN_NON_LITERAL_NULL_CONVERSION = YES;
				CLANG_WARN_OBJC_IMPLICIT_RETAIN_SELF = YES;
				CLANG_WARN_OBJC_LITERAL_CONVERSION = YES;
				CLANG_WARN_OBJC_ROOT_CLASS = YES_ERROR;
				CLANG_WARN_QUOTED_INCLUDE_IN_FRAMEWORK_HEADER = YES;
				CLANG_WARN_RANGE_LOOP_ANALYSIS = YES;
				CLANG_WARN_STRICT_PROTOTYPES = YES;
				CLANG_WARN_SUSPICIOUS_MOVE = YES;
				CLANG_WARN_UNGUARDED_AVAILABILITY = YES_AGGRESSIVE;
				CLANG_WARN_UNREACHABLE_CODE = YES;
				CLANG_WARN__DUPLICATE_METHOD_MATCH = YES;
				COPY_PHASE_STRIP = NO;
				DEBUG_INFORMATION_FORMAT = dwarf;
				ENABLE_STRICT_OBJC_MSGSEND = YES;
				ENABLE_TESTABILITY = YES;
				GCC_C_LANGUAGE_STANDARD = gnu11;
				GCC_DYNAMIC_NO_PIC = NO;
				GCC_NO_COMMON_BLOCKS = YES;
				GCC_OPTIMIZATION_LEVEL = 0;
				GCC_PREPROCESSOR_DEFINITIONS = (
					"DEBUG=1",
					"$(inherited)",
				);
				GCC_WARN_64_TO_32_BIT_CONVERSION = YES;
				GCC_WARN_ABOUT_RETURN_TYPE = YES_ERROR;
				GCC_WARN_UNDECLARED_SELECTOR = YES;
				GCC_WARN_UNINITIALIZED_AUTOS = YES_AGGRESSIVE;
				GCC_WARN_UNUSED_FUNCTION = YES;
				GCC_WARN_UNUSED_VARIABLE = YES;
				IPHONEOS_DEPLOYMENT_TARGET = 15.0;
				MTL_ENABLE_DEBUG_INFO = INCLUDE_SOURCE;
				MTL_FAST_MATH = YES;
				ONLY_ACTIVE_ARCH = YES;
				SDKROOT = iphoneos;
				SWIFT_ACTIVE_COMPILATION_CONDITIONS = DEBUG;
				SWIFT_OPTIMIZATION_LEVEL = "-Onone";
			};
			name = Debug;
		};
		33AE01DE274FA4F200D668DA /* Release */ = {
			isa = XCBuildConfiguration;
			buildSettings = {
				ALWAYS_SEARCH_USER_PATHS = NO;
				CLANG_ANALYZER_NONNULL = YES;
				CLANG_ANALYZER_NUMBER_OBJECT_CONVERSION = YES_AGGRESSIVE;
				CLANG_CXX_LANGUAGE_STANDARD = "gnu++17";
				CLANG_CXX_LIBRARY = "libc++";
				CLANG_ENABLE_MODULES = YES;
				CLANG_ENABLE_OBJC_ARC = YES;
				CLANG_ENABLE_OBJC_WEAK = YES;
				CLANG_WARN_BLOCK_CAPTURE_AUTORELEASING = YES;
				CLANG_WARN_BOOL_CONVERSION = YES;
				CLANG_WARN_COMMA = YES;
				CLANG_WARN_CONSTANT_CONVERSION = YES;
				CLANG_WARN_DEPRECATED_OBJC_IMPLEMENTATIONS = YES;
				CLANG_WARN_DIRECT_OBJC_ISA_USAGE = YES_ERROR;
				CLANG_WARN_DOCUMENTATION_COMMENTS = YES;
				CLANG_WARN_EMPTY_BODY = YES;
				CLANG_WARN_ENUM_CONVERSION = YES;
				CLANG_WARN_INFINITE_RECURSION = YES;
				CLANG_WARN_INT_CONVERSION = YES;
				CLANG_WARN_NON_LITERAL_NULL_CONVERSION = YES;
				CLANG_WARN_OBJC_IMPLICIT_RETAIN_SELF = YES;
				CLANG_WARN_OBJC_LITERAL_CONVERSION = YES;
				CLANG_WARN_OBJC_ROOT_CLASS = YES_ERROR;
				CLANG_WARN_QUOTED_INCLUDE_IN_FRAMEWORK_HEADER = YES;
				CLANG_WARN_RANGE_LOOP_ANALYSIS = YES;
				CLANG_WARN_STRICT_PROTOTYPES = YES;
				CLANG_WARN_SUSPICIOUS_MOVE = YES;
				CLANG_WARN_UNGUARDED_AVAILABILITY = YES_AGGRESSIVE;
				CLANG_WARN_UNREACHABLE_CODE = YES;
				CLANG_WARN__DUPLICATE_METHOD_MATCH = YES;
				COPY_PHASE_STRIP = NO;
				DEBUG_INFORMATION_FORMAT = "dwarf-with-dsym";
				ENABLE_NS_ASSERTIONS = NO;
				ENABLE_STRICT_OBJC_MSGSEND = YES;
				GCC_C_LANGUAGE_STANDARD = gnu11;
				GCC_NO_COMMON_BLOCKS = YES;
				GCC_WARN_64_TO_32_BIT_CONVERSION = YES;
				GCC_WARN_ABOUT_RETURN_TYPE = YES_ERROR;
				GCC_WARN_UNDECLARED_SELECTOR = YES;
				GCC_WARN_UNINITIALIZED_AUTOS = YES_AGGRESSIVE;
				GCC_WARN_UNUSED_FUNCTION = YES;
				GCC_WARN_UNUSED_VARIABLE = YES;
				IPHONEOS_DEPLOYMENT_TARGET = 15.0;
				MTL_ENABLE_DEBUG_INFO = NO;
				MTL_FAST_MATH = YES;
				SDKROOT = iphoneos;
				SWIFT_COMPILATION_MODE = wholemodule;
				SWIFT_OPTIMIZATION_LEVEL = "-O";
				VALIDATE_PRODUCT = YES;
			};
			name = Release;
		};
		33AE01E0274FA4F200D668DA /* Debug */ = {
			isa = XCBuildConfiguration;
			buildSettings = {
				ASSETCATALOG_COMPILER_APPICON_NAME = AppIcon;
				ASSETCATALOG_COMPILER_GLOBAL_ACCENT_COLOR_NAME = AccentColor;
				CODE_SIGN_STYLE = Automatic;
				CURRENT_PROJECT_VERSION = 1;
				GENERATE_INFOPLIST_FILE = YES;
				INFOPLIST_FILE = YoutubeFeedChallenge/Info.plist;
				INFOPLIST_KEY_UIApplicationSupportsIndirectInputEvents = YES;
				INFOPLIST_KEY_UILaunchStoryboardName = LaunchScreen;
				INFOPLIST_KEY_UIMainStoryboardFile = Main;
				INFOPLIST_KEY_UISupportedInterfaceOrientations_iPad = "UIInterfaceOrientationPortrait UIInterfaceOrientationPortraitUpsideDown UIInterfaceOrientationLandscapeLeft UIInterfaceOrientationLandscapeRight";
				INFOPLIST_KEY_UISupportedInterfaceOrientations_iPhone = "UIInterfaceOrientationPortrait UIInterfaceOrientationLandscapeLeft UIInterfaceOrientationLandscapeRight";
				LD_RUNPATH_SEARCH_PATHS = (
					"$(inherited)",
					"@executable_path/Frameworks",
				);
				MARKETING_VERSION = 1.0;
				PRODUCT_BUNDLE_IDENTIFIER = es.cesar.challenge.YoutubeFeedChallenge;
				PRODUCT_NAME = "$(TARGET_NAME)";
				SWIFT_EMIT_LOC_STRINGS = YES;
				SWIFT_VERSION = 5.0;
				TARGETED_DEVICE_FAMILY = "1,2";
			};
			name = Debug;
		};
		33AE01E1274FA4F200D668DA /* Release */ = {
			isa = XCBuildConfiguration;
			buildSettings = {
				ASSETCATALOG_COMPILER_APPICON_NAME = AppIcon;
				ASSETCATALOG_COMPILER_GLOBAL_ACCENT_COLOR_NAME = AccentColor;
				CODE_SIGN_STYLE = Automatic;
				CURRENT_PROJECT_VERSION = 1;
				GENERATE_INFOPLIST_FILE = YES;
				INFOPLIST_FILE = YoutubeFeedChallenge/Info.plist;
				INFOPLIST_KEY_UIApplicationSupportsIndirectInputEvents = YES;
				INFOPLIST_KEY_UILaunchStoryboardName = LaunchScreen;
				INFOPLIST_KEY_UIMainStoryboardFile = Main;
				INFOPLIST_KEY_UISupportedInterfaceOrientations_iPad = "UIInterfaceOrientationPortrait UIInterfaceOrientationPortraitUpsideDown UIInterfaceOrientationLandscapeLeft UIInterfaceOrientationLandscapeRight";
				INFOPLIST_KEY_UISupportedInterfaceOrientations_iPhone = "UIInterfaceOrientationPortrait UIInterfaceOrientationLandscapeLeft UIInterfaceOrientationLandscapeRight";
				LD_RUNPATH_SEARCH_PATHS = (
					"$(inherited)",
					"@executable_path/Frameworks",
				);
				MARKETING_VERSION = 1.0;
				PRODUCT_BUNDLE_IDENTIFIER = es.cesar.challenge.YoutubeFeedChallenge;
				PRODUCT_NAME = "$(TARGET_NAME)";
				SWIFT_EMIT_LOC_STRINGS = YES;
				SWIFT_VERSION = 5.0;
				TARGETED_DEVICE_FAMILY = "1,2";
			};
			name = Release;
		};
/* End XCBuildConfiguration section */

/* Begin XCConfigurationList section */
		33AE01C6274FA4EE00D668DA /* Build configuration list for PBXProject "YoutubeFeedChallenge" */ = {
			isa = XCConfigurationList;
			buildConfigurations = (
				33AE01DD274FA4F200D668DA /* Debug */,
				33AE01DE274FA4F200D668DA /* Release */,
			);
			defaultConfigurationIsVisible = 0;
			defaultConfigurationName = Release;
		};
		33AE01DF274FA4F200D668DA /* Build configuration list for PBXNativeTarget "YoutubeFeedChallenge" */ = {
			isa = XCConfigurationList;
			buildConfigurations = (
				33AE01E0274FA4F200D668DA /* Debug */,
				33AE01E1274FA4F200D668DA /* Release */,
			);
			defaultConfigurationIsVisible = 0;
			defaultConfigurationName = Release;
		};
/* End XCConfigurationList section */
	};
	rootObject = 33AE01C3274FA4EE00D668DA /* Project object */;
}
